
Microsoft Visual Studio Solution File, Format Version 12.00
Project("{FAE04EC0-301F-11D3-BF4B-00C04F79EFBC}") = "babysitter-kata", "babysitter-kata\babysitter-kata.csproj", "{71306182-45E2-4647-ABAE-A7DA1B5DABA7}"
EndProject
Project("{FAE04EC0-301F-11D3-BF4B-00C04F79EFBC}") = "babysitter-kata-tests", "babysitter-kata-tests\babysitter-kata-tests.csproj", "{84CBEAB0-37D1-4F22-B183-3B7A6D3EBC36}"
EndProject
Global
	GlobalSection(SolutionConfigurationPlatforms) = preSolution
		Debug|Any CPU = Debug|Any CPU
		Release|Any CPU = Release|Any CPU
	EndGlobalSection
	GlobalSection(ProjectConfigurationPlatforms) = postSolution
		{71306182-45E2-4647-ABAE-A7DA1B5DABA7}.Debug|Any CPU.ActiveCfg = Debug|Any CPU
		{71306182-45E2-4647-ABAE-A7DA1B5DABA7}.Debug|Any CPU.Build.0 = Debug|Any CPU
		{71306182-45E2-4647-ABAE-A7DA1B5DABA7}.Release|Any CPU.ActiveCfg = Release|Any CPU
		{71306182-45E2-4647-ABAE-A7DA1B5DABA7}.Release|Any CPU.Build.0 = Release|Any CPU
		{84CBEAB0-37D1-4F22-B183-3B7A6D3EBC36}.Debug|Any CPU.ActiveCfg = Debug|Any CPU
		{84CBEAB0-37D1-4F22-B183-3B7A6D3EBC36}.Debug|Any CPU.Build.0 = Debug|Any CPU
		{84CBEAB0-37D1-4F22-B183-3B7A6D3EBC36}.Release|Any CPU.ActiveCfg = Release|Any CPU
		{84CBEAB0-37D1-4F22-B183-3B7A6D3EBC36}.Release|Any CPU.Build.0 = Release|Any CPU
	EndGlobalSection
EndGlobal
